{
  "name": "app-shell",
  "version": "0.0.1",
  "lockfileVersion": 1,
  "requires": true,
  "dependencies": {
    "@angular/material": {
      "version": "18.2.8",
      "resolved": "https://registry.npmjs.org/@angular/material/-/material-18.2.8.tgz",
      "integrity": "sha512-wQGMVsfQ9lQfih2VsWAvV4z3S3uBxrxc61owlE+K0T1BxH9u/jo3A/rnRitIdvR/L4NnYlfhCnmrW9K+Pl+WCg==",
      "requires": {
        "tslib": "^2.3.0"
      },
      "dependencies": {
        "tslib": {
          "version": "2.7.0",
          "resolved": "https://registry.npmjs.org/tslib/-/tslib-2.7.0.tgz",
          "integrity": "sha512-gLXCKdN1/j47AiHiOkJN69hJmcbGTHI0ImLmbYLHykhgeN0jVGola9yVjFgzCUklsZQMW55o+dW7IXv3RCXDzA=="
        }
      }
    },
    "tslib": {
      "version": "2.7.0",
      "resolved": "https://registry.npmjs.org/tslib/-/tslib-2.7.0.tgz",
      "integrity": "sha512-gLXCKdN1/j47AiHiOkJN69hJmcbGTHI0ImLmbYLHykhgeN0jVGola9yVjFgzCUklsZQMW55o+dW7IXv3RCXDzA=="
    }
  }
}
